
Microsoft Visual Studio Solution File, Format Version 12.00
# Visual Studio Version 17
VisualStudioVersion = 17.13.35828.75
MinimumVisualStudioVersion = 10.0.40219.1
Project("{FAE04EC0-301F-11D3-BF4B-00C04F79EFBC}") = "MazeGame.Engine", "MazeGame.Engine\MazeGame.Engine.csproj", "{90EC968E-2F4E-4B04-803C-614777E06935}"
EndProject
Project("{FAE04EC0-301F-11D3-BF4B-00C04F79EFBC}") = "MazeGame.API", "MazeGame.API\MazeGame.API.csproj", "{FFC0A37D-06E6-4AE9-9B4D-73BA4728F6DC}"
EndProject
Global
	GlobalSection(SolutionConfigurationPlatforms) = preSolution
		Debug|Any CPU = Debug|Any CPU
		Release|Any CPU = Release|Any CPU
	EndGlobalSection
	GlobalSection(ProjectConfigurationPlatforms) = postSolution
		{90EC968E-2F4E-4B04-803C-614777E06935}.Debug|Any CPU.ActiveCfg = Debug|Any CPU
		{90EC968E-2F4E-4B04-803C-614777E06935}.Debug|Any CPU.Build.0 = Debug|Any CPU
		{90EC968E-2F4E-4B04-803C-614777E06935}.Release|Any CPU.ActiveCfg = Release|Any CPU
		{90EC968E-2F4E-4B04-803C-614777E06935}.Release|Any CPU.Build.0 = Release|Any CPU
		{FFC0A37D-06E6-4AE9-9B4D-73BA4728F6DC}.Debug|Any CPU.ActiveCfg = Debug|Any CPU
		{FFC0A37D-06E6-4AE9-9B4D-73BA4728F6DC}.Debug|Any CPU.Build.0 = Debug|Any CPU
		{FFC0A37D-06E6-4AE9-9B4D-73BA4728F6DC}.Release|Any CPU.ActiveCfg = Release|Any CPU
		{FFC0A37D-06E6-4AE9-9B4D-73BA4728F6DC}.Release|Any CPU.Build.0 = Release|Any CPU
	EndGlobalSection
	GlobalSection(SolutionProperties) = preSolution
		HideSolutionNode = FALSE
	EndGlobalSection
	GlobalSection(ExtensibilityGlobals) = postSolution
		SolutionGuid = {96326252-60DF-4137-B922-F8C1F2E36D45}
	EndGlobalSection
EndGlobal
